
Microsoft Visual Studio Solution File, Format Version 12.00
# Visual Studio Version 17
VisualStudioVersion = 17.11.35327.3
MinimumVisualStudioVersion = 10.0.40219.1
Project("{9A19103F-16F7-4668-BE54-9A1E7A4F7556}") = "DotNetHtmxTypescriptTemplate.Web", "DotNetHtmxTypescriptTemplate.Web\DotNetHtmxTypescriptTemplate.Web.csproj", "{4BBC4C2C-8880-4FD1-AC88-E2F065D13740}"
EndProject
Project("{FAE04EC0-301F-11D3-BF4B-00C04F79EFBC}") = "DotNetHtmxTypescriptTemplate.Repository", "DotNetHtmxTypescriptTemplate.Repository\DotNetHtmxTypescriptTemplate.Repository.csproj", "{89A3E924-5DAD-47DF-8605-2338E842FA5F}"
EndProject
Project("{FAE04EC0-301F-11D3-BF4B-00C04F79EFBC}") = "DotNetHtmxTypescriptTemplate.Models", "DotNetHtmxTypescriptTemplate.Models\DotNetHtmxTypescriptTemplate.Models.csproj", "{D585BCE3-B89F-48F0-8A9C-8A9C89BA819D}"
EndProject
Global
	GlobalSection(SolutionConfigurationPlatforms) = preSolution
		Debug|Any CPU = Debug|Any CPU
		Release|Any CPU = Release|Any CPU
	EndGlobalSection
	GlobalSection(ProjectConfigurationPlatforms) = postSolution
		{4BBC4C2C-8880-4FD1-AC88-E2F065D13740}.Debug|Any CPU.ActiveCfg = Debug|Any CPU
		{4BBC4C2C-8880-4FD1-AC88-E2F065D13740}.Debug|Any CPU.Build.0 = Debug|Any CPU
		{4BBC4C2C-8880-4FD1-AC88-E2F065D13740}.Release|Any CPU.ActiveCfg = Release|Any CPU
		{4BBC4C2C-8880-4FD1-AC88-E2F065D13740}.Release|Any CPU.Build.0 = Release|Any CPU
		{89A3E924-5DAD-47DF-8605-2338E842FA5F}.Debug|Any CPU.ActiveCfg = Debug|Any CPU
		{89A3E924-5DAD-47DF-8605-2338E842FA5F}.Debug|Any CPU.Build.0 = Debug|Any CPU
		{89A3E924-5DAD-47DF-8605-2338E842FA5F}.Release|Any CPU.ActiveCfg = Release|Any CPU
		{89A3E924-5DAD-47DF-8605-2338E842FA5F}.Release|Any CPU.Build.0 = Release|Any CPU
		{D585BCE3-B89F-48F0-8A9C-8A9C89BA819D}.Debug|Any CPU.ActiveCfg = Debug|Any CPU
		{D585BCE3-B89F-48F0-8A9C-8A9C89BA819D}.Debug|Any CPU.Build.0 = Debug|Any CPU
		{D585BCE3-B89F-48F0-8A9C-8A9C89BA819D}.Release|Any CPU.ActiveCfg = Release|Any CPU
		{D585BCE3-B89F-48F0-8A9C-8A9C89BA819D}.Release|Any CPU.Build.0 = Release|Any CPU
	EndGlobalSection
	GlobalSection(SolutionProperties) = preSolution
		HideSolutionNode = FALSE
	EndGlobalSection
	GlobalSection(ExtensibilityGlobals) = postSolution
		SolutionGuid = {FC25530B-CDB5-4974-8427-1F2A3EC27B6F}
	EndGlobalSection
EndGlobal
